
Microsoft Visual Studio Solution File, Format Version 12.00
# Visual Studio Version 16
VisualStudioVersion = 16.0.30002.166
MinimumVisualStudioVersion = 10.0.40219.1
Project("{FAE04EC0-301F-11D3-BF4B-00C04F79EFBC}") = "DAL", "DAL\DAL.csproj", "{C4371A2D-F2E1-497C-9E40-F488FB9B1363}"
EndProject
Global
	GlobalSection(SolutionConfigurationPlatforms) = preSolution
		Debug|Any CPU = Debug|Any CPU
		Release|Any CPU = Release|Any CPU
	EndGlobalSection
	GlobalSection(ProjectConfigurationPlatforms) = postSolution
		{C4371A2D-F2E1-497C-9E40-F488FB9B1363}.Debug|Any CPU.ActiveCfg = Debug|Any CPU
		{C4371A2D-F2E1-497C-9E40-F488FB9B1363}.Debug|Any CPU.Build.0 = Debug|Any CPU
		{C4371A2D-F2E1-497C-9E40-F488FB9B1363}.Release|Any CPU.ActiveCfg = Release|Any CPU
		{C4371A2D-F2E1-497C-9E40-F488FB9B1363}.Release|Any CPU.Build.0 = Release|Any CPU
	EndGlobalSection
	GlobalSection(SolutionProperties) = preSolution
		HideSolutionNode = FALSE
	EndGlobalSection
	GlobalSection(ExtensibilityGlobals) = postSolution
		SolutionGuid = {7939F5F0-EFD3-4AE6-84FA-1851660881C0}
	EndGlobalSection
EndGlobal
