
Microsoft Visual Studio Solution File, Format Version 12.00
# Visual Studio Version 16
VisualStudioVersion = 16.0.30002.166
MinimumVisualStudioVersion = 10.0.40219.1
Project("{FAE04EC0-301F-11D3-BF4B-00C04F79EFBC}") = "TravelAgency", "TravelAgency\TravelAgency.csproj", "{DD5AFDAE-B5EF-42D9-9AE6-25DC2C08438C}"
EndProject
Project("{FAE04EC0-301F-11D3-BF4B-00C04F79EFBC}") = "WpfApp1", "WpfApp1\WpfApp1.csproj", "{E088BE85-FFB3-46F1-9E42-763A4F69EA5F}"
EndProject
Project("{FAE04EC0-301F-11D3-BF4B-00C04F79EFBC}") = "WindowsLogIn", "WindowsLogIn\WindowsLogIn.csproj", "{CA0845A8-F183-451A-8C46-AF6879C02841}"
EndProject
Global
	GlobalSection(SolutionConfigurationPlatforms) = preSolution
		Debug|Any CPU = Debug|Any CPU
		Release|Any CPU = Release|Any CPU
	EndGlobalSection
	GlobalSection(ProjectConfigurationPlatforms) = postSolution
		{DD5AFDAE-B5EF-42D9-9AE6-25DC2C08438C}.Debug|Any CPU.ActiveCfg = Debug|Any CPU
		{DD5AFDAE-B5EF-42D9-9AE6-25DC2C08438C}.Debug|Any CPU.Build.0 = Debug|Any CPU
		{DD5AFDAE-B5EF-42D9-9AE6-25DC2C08438C}.Release|Any CPU.ActiveCfg = Release|Any CPU
		{DD5AFDAE-B5EF-42D9-9AE6-25DC2C08438C}.Release|Any CPU.Build.0 = Release|Any CPU
		{E088BE85-FFB3-46F1-9E42-763A4F69EA5F}.Debug|Any CPU.ActiveCfg = Debug|Any CPU
		{E088BE85-FFB3-46F1-9E42-763A4F69EA5F}.Debug|Any CPU.Build.0 = Debug|Any CPU
		{E088BE85-FFB3-46F1-9E42-763A4F69EA5F}.Release|Any CPU.ActiveCfg = Release|Any CPU
		{E088BE85-FFB3-46F1-9E42-763A4F69EA5F}.Release|Any CPU.Build.0 = Release|Any CPU
		{CA0845A8-F183-451A-8C46-AF6879C02841}.Debug|Any CPU.ActiveCfg = Debug|Any CPU
		{CA0845A8-F183-451A-8C46-AF6879C02841}.Debug|Any CPU.Build.0 = Debug|Any CPU
		{CA0845A8-F183-451A-8C46-AF6879C02841}.Release|Any CPU.ActiveCfg = Release|Any CPU
		{CA0845A8-F183-451A-8C46-AF6879C02841}.Release|Any CPU.Build.0 = Release|Any CPU
	EndGlobalSection
	GlobalSection(SolutionProperties) = preSolution
		HideSolutionNode = FALSE
	EndGlobalSection
	GlobalSection(ExtensibilityGlobals) = postSolution
		SolutionGuid = {7939F5F0-EFD3-4AE6-84FA-1851660881C0}
	EndGlobalSection
EndGlobal
